
Microsoft Visual Studio Solution File, Format Version 12.00
# Visual Studio Version 17
VisualStudioVersion = 17.5.33414.496
MinimumVisualStudioVersion = 10.0.40219.1
Project("{FAE04EC0-301F-11D3-BF4B-00C04F79EFBC}") = "Return_Metotlar", "Return_Metotlar\Return_Metotlar.csproj", "{01DE586E-3D15-4FCA-945E-8EEF8D414528}"
EndProject
Global
	GlobalSection(SolutionConfigurationPlatforms) = preSolution
		Debug|Any CPU = Debug|Any CPU
		Release|Any CPU = Release|Any CPU
	EndGlobalSection
	GlobalSection(ProjectConfigurationPlatforms) = postSolution
		{01DE586E-3D15-4FCA-945E-8EEF8D414528}.Debug|Any CPU.ActiveCfg = Debug|Any CPU
		{01DE586E-3D15-4FCA-945E-8EEF8D414528}.Debug|Any CPU.Build.0 = Debug|Any CPU
		{01DE586E-3D15-4FCA-945E-8EEF8D414528}.Release|Any CPU.ActiveCfg = Release|Any CPU
		{01DE586E-3D15-4FCA-945E-8EEF8D414528}.Release|Any CPU.Build.0 = Release|Any CPU
	EndGlobalSection
	GlobalSection(SolutionProperties) = preSolution
		HideSolutionNode = FALSE
	EndGlobalSection
	GlobalSection(ExtensibilityGlobals) = postSolution
		SolutionGuid = {7E986F55-97FD-4F80-A716-1D83073CE0DE}
	EndGlobalSection
EndGlobal
